
Microsoft Visual Studio Solution File, Format Version 12.00
# Visual Studio Version 17
VisualStudioVersion = 17.14.36121.58 d17.14
MinimumVisualStudioVersion = 10.0.40219.1
Project("{FAE04EC0-301F-11D3-BF4B-00C04F79EFBC}") = "StackOverflow_Post", "StackOverflow_Post\StackOverflow_Post.csproj", "{D4DBFF3C-D296-4A70-8113-3673354F23B5}"
EndProject
Global
	GlobalSection(SolutionConfigurationPlatforms) = preSolution
		Debug|Any CPU = Debug|Any CPU
		Release|Any CPU = Release|Any CPU
	EndGlobalSection
	GlobalSection(ProjectConfigurationPlatforms) = postSolution
		{D4DBFF3C-D296-4A70-8113-3673354F23B5}.Debug|Any CPU.ActiveCfg = Debug|Any CPU
		{D4DBFF3C-D296-4A70-8113-3673354F23B5}.Debug|Any CPU.Build.0 = Debug|Any CPU
		{D4DBFF3C-D296-4A70-8113-3673354F23B5}.Release|Any CPU.ActiveCfg = Release|Any CPU
		{D4DBFF3C-D296-4A70-8113-3673354F23B5}.Release|Any CPU.Build.0 = Release|Any CPU
	EndGlobalSection
	GlobalSection(SolutionProperties) = preSolution
		HideSolutionNode = FALSE
	EndGlobalSection
	GlobalSection(ExtensibilityGlobals) = postSolution
		SolutionGuid = {D3B16C52-85E6-45B8-8067-1635044B648D}
	EndGlobalSection
EndGlobal
